
Microsoft Visual Studio Solution File, Format Version 12.00
# Visual Studio Version 17
VisualStudioVersion = 17.14.36408.4 d17.14
MinimumVisualStudioVersion = 10.0.40219.1
Project("{FAE04EC0-301F-11D3-BF4B-00C04F79EFBC}") = "UngDungQuanLiNhaHang", "UngDungQuanLiNhaHang\UngDungQuanLiNhaHang.csproj", "{496CA48D-45D1-4B77-8B09-E226BD607057}"
EndProject
Global
	GlobalSection(SolutionConfigurationPlatforms) = preSolution
		Debug|Any CPU = Debug|Any CPU
		Release|Any CPU = Release|Any CPU
	EndGlobalSection
	GlobalSection(ProjectConfigurationPlatforms) = postSolution
		{496CA48D-45D1-4B77-8B09-E226BD607057}.Debug|Any CPU.ActiveCfg = Debug|Any CPU
		{496CA48D-45D1-4B77-8B09-E226BD607057}.Debug|Any CPU.Build.0 = Debug|Any CPU
		{496CA48D-45D1-4B77-8B09-E226BD607057}.Release|Any CPU.ActiveCfg = Release|Any CPU
		{496CA48D-45D1-4B77-8B09-E226BD607057}.Release|Any CPU.Build.0 = Release|Any CPU
	EndGlobalSection
	GlobalSection(SolutionProperties) = preSolution
		HideSolutionNode = FALSE
	EndGlobalSection
	GlobalSection(ExtensibilityGlobals) = postSolution
		SolutionGuid = {B0EEDF89-F896-44DC-8CF7-593EB93E08BB}
	EndGlobalSection
EndGlobal
